
Microsoft Visual Studio Solution File, Format Version 12.00
# Visual Studio Version 17
VisualStudioVersion = 17.3.32929.385
MinimumVisualStudioVersion = 10.0.40219.1
Project("{FAE04EC0-301F-11D3-BF4B-00C04F79EFBC}") = "Durak.ConsoleUI", "Durak.ConsoleUI\Durak.ConsoleUI.csproj", "{4EF17E0D-9D5C-420B-AD80-43FD29C75EAF}"
EndProject
Project("{FAE04EC0-301F-11D3-BF4B-00C04F79EFBC}") = "Durak.Logic", "Durak.Logic\Durak.Logic.csproj", "{4F519A8B-5E97-40CF-B6F6-15792352ADE6}"
EndProject
Project("{FAE04EC0-301F-11D3-BF4B-00C04F79EFBC}") = "Durak.Logic.Tests", "Durak.Logic.Tests\Durak.Logic.Tests.csproj", "{15B828AE-8F3D-4567-8A36-275BEDF91506}"
EndProject
Global
	GlobalSection(SolutionConfigurationPlatforms) = preSolution
		Debug|Any CPU = Debug|Any CPU
		Release|Any CPU = Release|Any CPU
	EndGlobalSection
	GlobalSection(ProjectConfigurationPlatforms) = postSolution
		{4EF17E0D-9D5C-420B-AD80-43FD29C75EAF}.Debug|Any CPU.ActiveCfg = Debug|Any CPU
		{4EF17E0D-9D5C-420B-AD80-43FD29C75EAF}.Debug|Any CPU.Build.0 = Debug|Any CPU
		{4EF17E0D-9D5C-420B-AD80-43FD29C75EAF}.Release|Any CPU.ActiveCfg = Release|Any CPU
		{4EF17E0D-9D5C-420B-AD80-43FD29C75EAF}.Release|Any CPU.Build.0 = Release|Any CPU
		{4F519A8B-5E97-40CF-B6F6-15792352ADE6}.Debug|Any CPU.ActiveCfg = Debug|Any CPU
		{4F519A8B-5E97-40CF-B6F6-15792352ADE6}.Debug|Any CPU.Build.0 = Debug|Any CPU
		{4F519A8B-5E97-40CF-B6F6-15792352ADE6}.Release|Any CPU.ActiveCfg = Release|Any CPU
		{4F519A8B-5E97-40CF-B6F6-15792352ADE6}.Release|Any CPU.Build.0 = Release|Any CPU
		{15B828AE-8F3D-4567-8A36-275BEDF91506}.Debug|Any CPU.ActiveCfg = Debug|Any CPU
		{15B828AE-8F3D-4567-8A36-275BEDF91506}.Debug|Any CPU.Build.0 = Debug|Any CPU
		{15B828AE-8F3D-4567-8A36-275BEDF91506}.Release|Any CPU.ActiveCfg = Release|Any CPU
		{15B828AE-8F3D-4567-8A36-275BEDF91506}.Release|Any CPU.Build.0 = Release|Any CPU
	EndGlobalSection
	GlobalSection(SolutionProperties) = preSolution
		HideSolutionNode = FALSE
	EndGlobalSection
	GlobalSection(ExtensibilityGlobals) = postSolution
		SolutionGuid = {A69805FE-3B09-4EE9-919B-298FD302D4E5}
	EndGlobalSection
EndGlobal
